<?xml version="1.0" encoding="utf-8"?>
<Project ToolsVersion="4.0" xmlns="http://schemas.microsoft.com/developer/msbuild/2003">
  <ItemGroup>
    <Filter Include="Archivos de origen">
      <UniqueIdentifier>{4FC737F1-C7A5-4376-A066-2A32D752A2FF}</UniqueIdentifier>
      <Extensions>cpp;c;cc;cxx;c++;cppm;ixx;def;odl;idl;hpj;bat;asm;asmx</Extensions>
    </Filter>
    <Filter Include="Archivos de encabezado">
      <UniqueIdentifier>{93995380-89BD-4b04-88EB-625FBE52EBFB}</UniqueIdentifier>
      <Extensions>h;hh;hpp;hxx;h++;hm;inl;inc;ipp;xsd</Extensions>
    </Filter>
    <Filter Include="Archivos de recursos">
      <UniqueIdentifier>{67DA6AB6-F800-4c08-8B7A-83BB121AAD01}</UniqueIdentifier>
      <Extensions>rc;ico;cur;bmp;dlg;rc2;rct;bin;rgs;gif;jpg;jpeg;jpe;resx;tiff;tif;png;wav;mfcribbon-ms</Extensions>
    </Filter>
  </ItemGroup>
  <ItemGroup>
    <ClCompile Include="core\league_client\LeagueClientScreen.cpp">
      <Filter>Archivos de origen</Filter>
    </ClCompile>
    <ClCompile Include="core\RumbleLeague.cpp">
      <Filter>Archivos de origen</Filter>
    </ClCompile>
    <ClCompile Include="motion\RumbleMotion.cpp">
      <Filter>Archivos de origen</Filter>
    </ClCompile>
    <ClCompile Include="gision\RumbleVision.cpp">
      <Filter>Archivos de origen</Filter>
    </ClCompile>
    <ClCompile Include="window_capture\WindowCapture.cpp">
      <Filter>Archivos de origen</Filter>
    </ClCompile>
    <ClCompile Include="core\league_client\LeagueClientButton.cpp">
      <Filter>Archivos de origen</Filter>
    </ClCompile>
    <ClCompile Include="python_mod\c++_bindings\python_linker.cpp">
      <Filter>Archivos de origen</Filter>
    </ClCompile>
    <ClCompile Include="helpers\AutoCompile.cpp">
      <Filter>Archivos de origen</Filter>
    </ClCompile>
    <ClCompile Include="helpers\StringHelper.cpp">
      <Filter>Archivos de origen</Filter>
    </ClCompile>
  </ItemGroup>
  <ItemGroup>
    <ClInclude Include="core\league_client\LeagueClientScreen.hpp">
      <Filter>Archivos de encabezado</Filter>
    </ClInclude>
    <ClInclude Include="core\RumbleLeague.hpp">
      <Filter>Archivos de encabezado</Filter>
    </ClInclude>
    <ClInclude Include="motion\RumbleMotion.hpp">
      <Filter>Archivos de encabezado</Filter>
    </ClInclude>
    <ClInclude Include="gision\RumbleVision.h">
      <Filter>Archivos de encabezado</Filter>
    </ClInclude>
    <ClInclude Include="window_capture\WindowCapture.h">
      <Filter>Archivos de encabezado</Filter>
    </ClInclude>
    <ClInclude Include="python\env\Lib\site-packages\pybind11\include\pybind11\detail\class.h">
      <Filter>Archivos de encabezado</Filter>
    </ClInclude>
    <ClInclude Include="python\env\Lib\site-packages\pybind11\include\pybind11\detail\common.h">
      <Filter>Archivos de encabezado</Filter>
    </ClInclude>
    <ClInclude Include="python\env\Lib\site-packages\pybind11\include\pybind11\detail\descr.h">
      <Filter>Archivos de encabezado</Filter>
    </ClInclude>
    <ClInclude Include="python\env\Lib\site-packages\pybind11\include\pybind11\detail\init.h">
      <Filter>Archivos de encabezado</Filter>
    </ClInclude>
    <ClInclude Include="python\env\Lib\site-packages\pybind11\include\pybind11\detail\internals.h">
      <Filter>Archivos de encabezado</Filter>
    </ClInclude>
    <ClInclude Include="python\env\Lib\site-packages\pybind11\include\pybind11\detail\type_caster_base.h">
      <Filter>Archivos de encabezado</Filter>
    </ClInclude>
    <ClInclude Include="python\env\Lib\site-packages\pybind11\include\pybind11\detail\typeid.h">
      <Filter>Archivos de encabezado</Filter>
    </ClInclude>
    <ClInclude Include="python\env\Lib\site-packages\pybind11\include\pybind11\stl\filesystem.h">
      <Filter>Archivos de encabezado</Filter>
    </ClInclude>
    <ClInclude Include="python\env\Lib\site-packages\pybind11\include\pybind11\attr.h">
      <Filter>Archivos de encabezado</Filter>
    </ClInclude>
    <ClInclude Include="python\env\Lib\site-packages\pybind11\include\pybind11\buffer_info.h">
      <Filter>Archivos de encabezado</Filter>
    </ClInclude>
    <ClInclude Include="python\env\Lib\site-packages\pybind11\include\pybind11\cast.h">
      <Filter>Archivos de encabezado</Filter>
    </ClInclude>
    <ClInclude Include="python\env\Lib\site-packages\pybind11\include\pybind11\chrono.h">
      <Filter>Archivos de encabezado</Filter>
    </ClInclude>
    <ClInclude Include="python\env\Lib\site-packages\pybind11\include\pybind11\common.h">
      <Filter>Archivos de encabezado</Filter>
    </ClInclude>
    <ClInclude Include="python\env\Lib\site-packages\pybind11\include\pybind11\complex.h">
      <Filter>Archivos de encabezado</Filter>
    </ClInclude>
    <ClInclude Include="python\env\Lib\site-packages\pybind11\include\pybind11\eigen.h">
      <Filter>Archivos de encabezado</Filter>
    </ClInclude>
    <ClInclude Include="python\env\Lib\site-packages\pybind11\include\pybind11\embed.h">
      <Filter>Archivos de encabezado</Filter>
    </ClInclude>
    <ClInclude Include="python\env\Lib\site-packages\pybind11\include\pybind11\eval.h">
      <Filter>Archivos de encabezado</Filter>
    </ClInclude>
    <ClInclude Include="python\env\Lib\site-packages\pybind11\include\pybind11\functional.h">
      <Filter>Archivos de encabezado</Filter>
    </ClInclude>
    <ClInclude Include="python\env\Lib\site-packages\pybind11\include\pybind11\gil.h">
      <Filter>Archivos de encabezado</Filter>
    </ClInclude>
    <ClInclude Include="python\env\Lib\site-packages\pybind11\include\pybind11\iostream.h">
      <Filter>Archivos de encabezado</Filter>
    </ClInclude>
    <ClInclude Include="python\env\Lib\site-packages\pybind11\include\pybind11\numpy.h">
      <Filter>Archivos de encabezado</Filter>
    </ClInclude>
    <ClInclude Include="python\env\Lib\site-packages\pybind11\include\pybind11\operators.h">
      <Filter>Archivos de encabezado</Filter>
    </ClInclude>
    <ClInclude Include="python\env\Lib\site-packages\pybind11\include\pybind11\options.h">
      <Filter>Archivos de encabezado</Filter>
    </ClInclude>
    <ClInclude Include="python\env\Lib\site-packages\pybind11\include\pybind11\pybind11.h">
      <Filter>Archivos de encabezado</Filter>
    </ClInclude>
    <ClInclude Include="python\env\Lib\site-packages\pybind11\include\pybind11\pytypes.h">
      <Filter>Archivos de encabezado</Filter>
    </ClInclude>
    <ClInclude Include="python\env\Lib\site-packages\pybind11\include\pybind11\stl.h">
      <Filter>Archivos de encabezado</Filter>
    </ClInclude>
    <ClInclude Include="python\env\Lib\site-packages\pybind11\include\pybind11\stl_bind.h">
      <Filter>Archivos de encabezado</Filter>
    </ClInclude>
    <ClInclude Include="helpers\StringHelper.hpp">
      <Filter>Archivos de encabezado</Filter>
    </ClInclude>
  </ItemGroup>
  <ItemGroup>
    <None Include=".gitignore" />
    <None Include="python\setup_rle_old.py" />
    <None Include="python\Rumble-LoL-Extension-Python.pyproj" />
    <None Include="python\__init__.py" />
    <None Include="python\c++_bindings\pyproject.toml" />
    <None Include="rumble_lol_extension_plugin.py" />
    <None Include="python\env\Scripts\activate_this.py" />
    <None Include="python_mod\setup_rle.py" />
    <None Include="python_mod\c++_bindings\setup.py" />
  </ItemGroup>
</Project>